
Microsoft Visual Studio Solution File, Format Version 12.00
# Visual Studio Version 16
VisualStudioVersion = 16.0.31624.102
MinimumVisualStudioVersion = 10.0.40219.1
Project("{FAE04EC0-301F-11D3-BF4B-00C04F79EFBC}") = "MyDelegateEvent", "MyDelegateEvent\MyDelegateEvent.csproj", "{BDD4106E-35EE-4448-8C07-837A13014727}"
EndProject
Global
	GlobalSection(SolutionConfigurationPlatforms) = preSolution
		Debug|Any CPU = Debug|Any CPU
		Release|Any CPU = Release|Any CPU
	EndGlobalSection
	GlobalSection(ProjectConfigurationPlatforms) = postSolution
		{BDD4106E-35EE-4448-8C07-837A13014727}.Debug|Any CPU.ActiveCfg = Debug|Any CPU
		{BDD4106E-35EE-4448-8C07-837A13014727}.Debug|Any CPU.Build.0 = Debug|Any CPU
		{BDD4106E-35EE-4448-8C07-837A13014727}.Release|Any CPU.ActiveCfg = Release|Any CPU
		{BDD4106E-35EE-4448-8C07-837A13014727}.Release|Any CPU.Build.0 = Release|Any CPU
	EndGlobalSection
	GlobalSection(SolutionProperties) = preSolution
		HideSolutionNode = FALSE
	EndGlobalSection
	GlobalSection(ExtensibilityGlobals) = postSolution
		SolutionGuid = {A727DC73-DEC3-4E77-8360-28E67DF11AAB}
	EndGlobalSection
EndGlobal
