
Microsoft Visual Studio Solution File, Format Version 12.00
# Visual Studio Version 16
VisualStudioVersion = 16.0.31729.503
MinimumVisualStudioVersion = 10.0.40219.1
Project("{FAE04EC0-301F-11D3-BF4B-00C04F79EFBC}") = "DesignPattern", "DesignPattern\DesignPattern.csproj", "{9936A8A7-402B-4A9F-910B-9B36AB1D96ED}"
EndProject
Project("{FAE04EC0-301F-11D3-BF4B-00C04F79EFBC}") = "SingletonPattern", "SingletonPattern\SingletonPattern.csproj", "{BFA842FE-E79D-447F-9138-D46C892DD1C3}"
EndProject
Global
	GlobalSection(SolutionConfigurationPlatforms) = preSolution
		Debug|Any CPU = Debug|Any CPU
		Release|Any CPU = Release|Any CPU
	EndGlobalSection
	GlobalSection(ProjectConfigurationPlatforms) = postSolution
		{9936A8A7-402B-4A9F-910B-9B36AB1D96ED}.Debug|Any CPU.ActiveCfg = Debug|Any CPU
		{9936A8A7-402B-4A9F-910B-9B36AB1D96ED}.Debug|Any CPU.Build.0 = Debug|Any CPU
		{9936A8A7-402B-4A9F-910B-9B36AB1D96ED}.Release|Any CPU.ActiveCfg = Release|Any CPU
		{9936A8A7-402B-4A9F-910B-9B36AB1D96ED}.Release|Any CPU.Build.0 = Release|Any CPU
		{BFA842FE-E79D-447F-9138-D46C892DD1C3}.Debug|Any CPU.ActiveCfg = Debug|Any CPU
		{BFA842FE-E79D-447F-9138-D46C892DD1C3}.Debug|Any CPU.Build.0 = Debug|Any CPU
		{BFA842FE-E79D-447F-9138-D46C892DD1C3}.Release|Any CPU.ActiveCfg = Release|Any CPU
		{BFA842FE-E79D-447F-9138-D46C892DD1C3}.Release|Any CPU.Build.0 = Release|Any CPU
	EndGlobalSection
	GlobalSection(SolutionProperties) = preSolution
		HideSolutionNode = FALSE
	EndGlobalSection
	GlobalSection(ExtensibilityGlobals) = postSolution
		SolutionGuid = {1DC0A27C-FA85-4F3D-9AF7-45C080D08FD5}
	EndGlobalSection
EndGlobal
