
Microsoft Visual Studio Solution File, Format Version 12.00
# Visual Studio Version 16
VisualStudioVersion = 16.0.31729.503
MinimumVisualStudioVersion = 10.0.40219.1
Project("{FAE04EC0-301F-11D3-BF4B-00C04F79EFBC}") = "DesignPatternPrinciple", "DesignPatternPrinciple\DesignPatternPrinciple.csproj", "{DA12C2E4-F424-45D3-8E97-5884A36258FE}"
EndProject
Global
	GlobalSection(SolutionConfigurationPlatforms) = preSolution
		Debug|Any CPU = Debug|Any CPU
		Release|Any CPU = Release|Any CPU
	EndGlobalSection
	GlobalSection(ProjectConfigurationPlatforms) = postSolution
		{DA12C2E4-F424-45D3-8E97-5884A36258FE}.Debug|Any CPU.ActiveCfg = Debug|Any CPU
		{DA12C2E4-F424-45D3-8E97-5884A36258FE}.Debug|Any CPU.Build.0 = Debug|Any CPU
		{DA12C2E4-F424-45D3-8E97-5884A36258FE}.Release|Any CPU.ActiveCfg = Release|Any CPU
		{DA12C2E4-F424-45D3-8E97-5884A36258FE}.Release|Any CPU.Build.0 = Release|Any CPU
	EndGlobalSection
	GlobalSection(SolutionProperties) = preSolution
		HideSolutionNode = FALSE
	EndGlobalSection
	GlobalSection(ExtensibilityGlobals) = postSolution
		SolutionGuid = {7B70F0D6-66AE-4267-AFD2-D4B984C63599}
	EndGlobalSection
EndGlobal
